
Microsoft Visual Studio Solution File, Format Version 12.00
# Visual Studio Version 17
VisualStudioVersion = 17.6.33815.320
MinimumVisualStudioVersion = 10.0.40219.1
Project("{FAE04EC0-301F-11D3-BF4B-00C04F79EFBC}") = "parcial.Android", "parcial.Android\parcial.Android.csproj", "{7C3A4C9F-7047-490D-A34C-074D6E1FBA7C}"
EndProject
Project("{FAE04EC0-301F-11D3-BF4B-00C04F79EFBC}") = "parcial.iOS", "parcial.iOS\parcial.iOS.csproj", "{31EC5B65-9DBB-4A21-8D58-0C59C813D122}"
EndProject
Project("{FAE04EC0-301F-11D3-BF4B-00C04F79EFBC}") = "parcial", "parcial\parcial.csproj", "{1A34416F-A50D-4217-98F0-F47F2A92D69D}"
EndProject
Global
	GlobalSection(SolutionConfigurationPlatforms) = preSolution
		Debug|Any CPU = Debug|Any CPU
		Debug|iPhone = Debug|iPhone
		Debug|iPhoneSimulator = Debug|iPhoneSimulator
		Release|Any CPU = Release|Any CPU
		Release|iPhone = Release|iPhone
		Release|iPhoneSimulator = Release|iPhoneSimulator
	EndGlobalSection
	GlobalSection(ProjectConfigurationPlatforms) = postSolution
		{7C3A4C9F-7047-490D-A34C-074D6E1FBA7C}.Debug|Any CPU.ActiveCfg = Debug|Any CPU
		{7C3A4C9F-7047-490D-A34C-074D6E1FBA7C}.Debug|Any CPU.Build.0 = Debug|Any CPU
		{7C3A4C9F-7047-490D-A34C-074D6E1FBA7C}.Debug|Any CPU.Deploy.0 = Debug|Any CPU
		{7C3A4C9F-7047-490D-A34C-074D6E1FBA7C}.Debug|iPhone.ActiveCfg = Debug|Any CPU
		{7C3A4C9F-7047-490D-A34C-074D6E1FBA7C}.Debug|iPhone.Build.0 = Debug|Any CPU
		{7C3A4C9F-7047-490D-A34C-074D6E1FBA7C}.Debug|iPhone.Deploy.0 = Debug|Any CPU
		{7C3A4C9F-7047-490D-A34C-074D6E1FBA7C}.Debug|iPhoneSimulator.ActiveCfg = Debug|Any CPU
		{7C3A4C9F-7047-490D-A34C-074D6E1FBA7C}.Debug|iPhoneSimulator.Build.0 = Debug|Any CPU
		{7C3A4C9F-7047-490D-A34C-074D6E1FBA7C}.Debug|iPhoneSimulator.Deploy.0 = Debug|Any CPU
		{7C3A4C9F-7047-490D-A34C-074D6E1FBA7C}.Release|Any CPU.ActiveCfg = Release|Any CPU
		{7C3A4C9F-7047-490D-A34C-074D6E1FBA7C}.Release|Any CPU.Build.0 = Release|Any CPU
		{7C3A4C9F-7047-490D-A34C-074D6E1FBA7C}.Release|Any CPU.Deploy.0 = Release|Any CPU
		{7C3A4C9F-7047-490D-A34C-074D6E1FBA7C}.Release|iPhone.ActiveCfg = Release|Any CPU
		{7C3A4C9F-7047-490D-A34C-074D6E1FBA7C}.Release|iPhone.Build.0 = Release|Any CPU
		{7C3A4C9F-7047-490D-A34C-074D6E1FBA7C}.Release|iPhone.Deploy.0 = Release|Any CPU
		{7C3A4C9F-7047-490D-A34C-074D6E1FBA7C}.Release|iPhoneSimulator.ActiveCfg = Release|Any CPU
		{7C3A4C9F-7047-490D-A34C-074D6E1FBA7C}.Release|iPhoneSimulator.Build.0 = Release|Any CPU
		{7C3A4C9F-7047-490D-A34C-074D6E1FBA7C}.Release|iPhoneSimulator.Deploy.0 = Release|Any CPU
		{31EC5B65-9DBB-4A21-8D58-0C59C813D122}.Debug|Any CPU.ActiveCfg = Debug|iPhone
		{31EC5B65-9DBB-4A21-8D58-0C59C813D122}.Debug|Any CPU.Build.0 = Debug|iPhone
		{31EC5B65-9DBB-4A21-8D58-0C59C813D122}.Debug|Any CPU.Deploy.0 = Debug|iPhone
		{31EC5B65-9DBB-4A21-8D58-0C59C813D122}.Debug|iPhone.ActiveCfg = Debug|iPhone
		{31EC5B65-9DBB-4A21-8D58-0C59C813D122}.Debug|iPhone.Build.0 = Debug|iPhone
		{31EC5B65-9DBB-4A21-8D58-0C59C813D122}.Debug|iPhone.Deploy.0 = Debug|iPhone
		{31EC5B65-9DBB-4A21-8D58-0C59C813D122}.Debug|iPhoneSimulator.ActiveCfg = Debug|iPhoneSimulator
		{31EC5B65-9DBB-4A21-8D58-0C59C813D122}.Debug|iPhoneSimulator.Build.0 = Debug|iPhoneSimulator
		{31EC5B65-9DBB-4A21-8D58-0C59C813D122}.Debug|iPhoneSimulator.Deploy.0 = Debug|iPhoneSimulator
		{31EC5B65-9DBB-4A21-8D58-0C59C813D122}.Release|Any CPU.ActiveCfg = Release|iPhoneSimulator
		{31EC5B65-9DBB-4A21-8D58-0C59C813D122}.Release|Any CPU.Build.0 = Release|iPhoneSimulator
		{31EC5B65-9DBB-4A21-8D58-0C59C813D122}.Release|Any CPU.Deploy.0 = Release|iPhoneSimulator
		{31EC5B65-9DBB-4A21-8D58-0C59C813D122}.Release|iPhone.ActiveCfg = Release|iPhone
		{31EC5B65-9DBB-4A21-8D58-0C59C813D122}.Release|iPhone.Build.0 = Release|iPhone
		{31EC5B65-9DBB-4A21-8D58-0C59C813D122}.Release|iPhone.Deploy.0 = Release|iPhone
		{31EC5B65-9DBB-4A21-8D58-0C59C813D122}.Release|iPhoneSimulator.ActiveCfg = Release|iPhoneSimulator
		{31EC5B65-9DBB-4A21-8D58-0C59C813D122}.Release|iPhoneSimulator.Build.0 = Release|iPhoneSimulator
		{31EC5B65-9DBB-4A21-8D58-0C59C813D122}.Release|iPhoneSimulator.Deploy.0 = Release|iPhoneSimulator
		{1A34416F-A50D-4217-98F0-F47F2A92D69D}.Debug|Any CPU.ActiveCfg = Debug|Any CPU
		{1A34416F-A50D-4217-98F0-F47F2A92D69D}.Debug|Any CPU.Build.0 = Debug|Any CPU
		{1A34416F-A50D-4217-98F0-F47F2A92D69D}.Debug|Any CPU.Deploy.0 = Debug|Any CPU
		{1A34416F-A50D-4217-98F0-F47F2A92D69D}.Debug|iPhone.ActiveCfg = Debug|Any CPU
		{1A34416F-A50D-4217-98F0-F47F2A92D69D}.Debug|iPhone.Build.0 = Debug|Any CPU
		{1A34416F-A50D-4217-98F0-F47F2A92D69D}.Debug|iPhone.Deploy.0 = Debug|Any CPU
		{1A34416F-A50D-4217-98F0-F47F2A92D69D}.Debug|iPhoneSimulator.ActiveCfg = Debug|Any CPU
		{1A34416F-A50D-4217-98F0-F47F2A92D69D}.Debug|iPhoneSimulator.Build.0 = Debug|Any CPU
		{1A34416F-A50D-4217-98F0-F47F2A92D69D}.Debug|iPhoneSimulator.Deploy.0 = Debug|Any CPU
		{1A34416F-A50D-4217-98F0-F47F2A92D69D}.Release|Any CPU.ActiveCfg = Release|Any CPU
		{1A34416F-A50D-4217-98F0-F47F2A92D69D}.Release|Any CPU.Build.0 = Release|Any CPU
		{1A34416F-A50D-4217-98F0-F47F2A92D69D}.Release|Any CPU.Deploy.0 = Release|Any CPU
		{1A34416F-A50D-4217-98F0-F47F2A92D69D}.Release|iPhone.ActiveCfg = Release|Any CPU
		{1A34416F-A50D-4217-98F0-F47F2A92D69D}.Release|iPhone.Build.0 = Release|Any CPU
		{1A34416F-A50D-4217-98F0-F47F2A92D69D}.Release|iPhone.Deploy.0 = Release|Any CPU
		{1A34416F-A50D-4217-98F0-F47F2A92D69D}.Release|iPhoneSimulator.ActiveCfg = Release|Any CPU
		{1A34416F-A50D-4217-98F0-F47F2A92D69D}.Release|iPhoneSimulator.Build.0 = Release|Any CPU
		{1A34416F-A50D-4217-98F0-F47F2A92D69D}.Release|iPhoneSimulator.Deploy.0 = Release|Any CPU
	EndGlobalSection
	GlobalSection(SolutionProperties) = preSolution
		HideSolutionNode = FALSE
	EndGlobalSection
	GlobalSection(ExtensibilityGlobals) = postSolution
		SolutionGuid = {E38A0DEE-DE6D-47AB-A810-2DFF77118684}
	EndGlobalSection
EndGlobal
